
Microsoft Visual Studio Solution File, Format Version 12.00
# Visual Studio Version 16
VisualStudioVersion = 16.0.32929.386
MinimumVisualStudioVersion = 10.0.40219.1
Project("{FAE04EC0-301F-11D3-BF4B-00C04F79EFBC}") = "Escuelita", "Escuelita.csproj", "{AAF17794-2752-4D35-8DC7-D00CE3EFDDE4}"
EndProject
Global
	GlobalSection(SolutionConfigurationPlatforms) = preSolution
		Debug|Any CPU = Debug|Any CPU
		Release|Any CPU = Release|Any CPU
	EndGlobalSection
	GlobalSection(ProjectConfigurationPlatforms) = postSolution
		{AAF17794-2752-4D35-8DC7-D00CE3EFDDE4}.Debug|Any CPU.ActiveCfg = Debug|Any CPU
		{AAF17794-2752-4D35-8DC7-D00CE3EFDDE4}.Debug|Any CPU.Build.0 = Debug|Any CPU
		{AAF17794-2752-4D35-8DC7-D00CE3EFDDE4}.Release|Any CPU.ActiveCfg = Release|Any CPU
		{AAF17794-2752-4D35-8DC7-D00CE3EFDDE4}.Release|Any CPU.Build.0 = Release|Any CPU
	EndGlobalSection
	GlobalSection(SolutionProperties) = preSolution
		HideSolutionNode = FALSE
	EndGlobalSection
	GlobalSection(ExtensibilityGlobals) = postSolution
		SolutionGuid = {2F73A723-30F9-4367-80EA-24B9F46FE290}
	EndGlobalSection
EndGlobal
